
Microsoft Visual Studio Solution File, Format Version 12.00
# Visual Studio Version 16
VisualStudioVersion = 16.0.30330.147
MinimumVisualStudioVersion = 10.0.40219.1
Project("{F2A71F9B-5D33-465A-A702-920D77279786}") = "ReproFsi", "ReproFsi\ReproFsi.fsproj", "{A85C1BD4-FE19-4875-9DBC-CF68A9470404}"
EndProject
Global
	GlobalSection(SolutionConfigurationPlatforms) = preSolution
		Debug|Any CPU = Debug|Any CPU
		Release|Any CPU = Release|Any CPU
	EndGlobalSection
	GlobalSection(ProjectConfigurationPlatforms) = postSolution
		{A85C1BD4-FE19-4875-9DBC-CF68A9470404}.Debug|Any CPU.ActiveCfg = Debug|Any CPU
		{A85C1BD4-FE19-4875-9DBC-CF68A9470404}.Debug|Any CPU.Build.0 = Debug|Any CPU
		{A85C1BD4-FE19-4875-9DBC-CF68A9470404}.Release|Any CPU.ActiveCfg = Release|Any CPU
		{A85C1BD4-FE19-4875-9DBC-CF68A9470404}.Release|Any CPU.Build.0 = Release|Any CPU
	EndGlobalSection
	GlobalSection(SolutionProperties) = preSolution
		HideSolutionNode = FALSE
	EndGlobalSection
	GlobalSection(ExtensibilityGlobals) = postSolution
		SolutionGuid = {AED0CCEB-4369-46B3-BFAB-A81F4886DFDF}
	EndGlobalSection
EndGlobal
